
Microsoft Visual Studio Solution File, Format Version 12.00
# Visual Studio Version 16
VisualStudioVersion = 16.0.30413.136
MinimumVisualStudioVersion = 10.0.40219.1
Project("{9A19103F-16F7-4668-BE54-9A1E7A4F7556}") = "Alef.RoomMonitoring.DAL", "Alef.RoomMonitoring.DAL\Alef.RoomMonitoring.DAL.csproj", "{D9FE447B-76F5-469B-9D81-FBCC1DB664E2}"
EndProject
Project("{9A19103F-16F7-4668-BE54-9A1E7A4F7556}") = "Alef.RoomMonitoring.Test", "Alef.RoomMonitoring.Test\Alef.RoomMonitoring.Test.csproj", "{F9F4D724-1D3C-4CB1-A4BE-856D9533FA3E}"
EndProject
Project("{9A19103F-16F7-4668-BE54-9A1E7A4F7556}") = "Alef.RoomMonitoring.Service", "Alef.RoomMonitoring.Service\Alef.RoomMonitoring.Service.csproj", "{C7C6C8E9-2451-45FB-A3DF-19B570EB9B81}"
	ProjectSection(ProjectDependencies) = postProject
		{65BD8D88-BA2F-424A-AA16-7A16B3A70C2A} = {65BD8D88-BA2F-424A-AA16-7A16B3A70C2A}
	EndProjectSection
EndProject
Project("{9A19103F-16F7-4668-BE54-9A1E7A4F7556}") = "Alef.RoomMonitoring.Configuration", "Alef.RoomMonitoring.Configuration\Alef.RoomMonitoring.Configuration.csproj", "{05C31679-BC06-4EB0-9546-13AC726595D3}"
EndProject
Project("{9A19103F-16F7-4668-BE54-9A1E7A4F7556}") = "CiscoEndpointProvider", "CiscoEndpointProvider\CiscoEndpointProvider.csproj", "{65BD8D88-BA2F-424A-AA16-7A16B3A70C2A}"
EndProject
Project("{FAE04EC0-301F-11D3-BF4B-00C04F79EFBC}") = "Alef.RoomMonitoring.Web", "Alef.RoomMonitoring.Web\Alef.RoomMonitoring.Web.csproj", "{6D99BB3F-AADA-4EC1-B887-86B278ADDFF6}"
EndProject
Global
	GlobalSection(SolutionConfigurationPlatforms) = preSolution
		Debug|Any CPU = Debug|Any CPU
		Release|Any CPU = Release|Any CPU
	EndGlobalSection
	GlobalSection(ProjectConfigurationPlatforms) = postSolution
		{D9FE447B-76F5-469B-9D81-FBCC1DB664E2}.Debug|Any CPU.ActiveCfg = Debug|Any CPU
		{D9FE447B-76F5-469B-9D81-FBCC1DB664E2}.Debug|Any CPU.Build.0 = Debug|Any CPU
		{D9FE447B-76F5-469B-9D81-FBCC1DB664E2}.Release|Any CPU.ActiveCfg = Release|Any CPU
		{D9FE447B-76F5-469B-9D81-FBCC1DB664E2}.Release|Any CPU.Build.0 = Release|Any CPU
		{F9F4D724-1D3C-4CB1-A4BE-856D9533FA3E}.Debug|Any CPU.ActiveCfg = Debug|Any CPU
		{F9F4D724-1D3C-4CB1-A4BE-856D9533FA3E}.Debug|Any CPU.Build.0 = Debug|Any CPU
		{F9F4D724-1D3C-4CB1-A4BE-856D9533FA3E}.Release|Any CPU.ActiveCfg = Release|Any CPU
		{F9F4D724-1D3C-4CB1-A4BE-856D9533FA3E}.Release|Any CPU.Build.0 = Release|Any CPU
		{C7C6C8E9-2451-45FB-A3DF-19B570EB9B81}.Debug|Any CPU.ActiveCfg = Debug|Any CPU
		{C7C6C8E9-2451-45FB-A3DF-19B570EB9B81}.Debug|Any CPU.Build.0 = Debug|Any CPU
		{C7C6C8E9-2451-45FB-A3DF-19B570EB9B81}.Release|Any CPU.ActiveCfg = Release|Any CPU
		{C7C6C8E9-2451-45FB-A3DF-19B570EB9B81}.Release|Any CPU.Build.0 = Release|Any CPU
		{05C31679-BC06-4EB0-9546-13AC726595D3}.Debug|Any CPU.ActiveCfg = Debug|Any CPU
		{05C31679-BC06-4EB0-9546-13AC726595D3}.Debug|Any CPU.Build.0 = Debug|Any CPU
		{05C31679-BC06-4EB0-9546-13AC726595D3}.Release|Any CPU.ActiveCfg = Release|Any CPU
		{05C31679-BC06-4EB0-9546-13AC726595D3}.Release|Any CPU.Build.0 = Release|Any CPU
		{65BD8D88-BA2F-424A-AA16-7A16B3A70C2A}.Debug|Any CPU.ActiveCfg = Debug|Any CPU
		{65BD8D88-BA2F-424A-AA16-7A16B3A70C2A}.Debug|Any CPU.Build.0 = Debug|Any CPU
		{65BD8D88-BA2F-424A-AA16-7A16B3A70C2A}.Release|Any CPU.ActiveCfg = Release|Any CPU
		{65BD8D88-BA2F-424A-AA16-7A16B3A70C2A}.Release|Any CPU.Build.0 = Release|Any CPU
		{6D99BB3F-AADA-4EC1-B887-86B278ADDFF6}.Debug|Any CPU.ActiveCfg = Debug|Any CPU
		{6D99BB3F-AADA-4EC1-B887-86B278ADDFF6}.Debug|Any CPU.Build.0 = Debug|Any CPU
		{6D99BB3F-AADA-4EC1-B887-86B278ADDFF6}.Release|Any CPU.ActiveCfg = Release|Any CPU
		{6D99BB3F-AADA-4EC1-B887-86B278ADDFF6}.Release|Any CPU.Build.0 = Release|Any CPU
	EndGlobalSection
	GlobalSection(SolutionProperties) = preSolution
		HideSolutionNode = FALSE
	EndGlobalSection
	GlobalSection(ExtensibilityGlobals) = postSolution
		SolutionGuid = {C056EFEE-A8F3-4581-9661-34C80471D700}
	EndGlobalSection
EndGlobal
